# THIS IS AN AUTOGENERATED FILE. DO NOT EDIT THIS FILE DIRECTLY.
# yarn lockfile v1
gitbook-plugin-highlight@^2.0.2:
  version "2.0.2"
  resolved "https://registry.yarnpkg.com/gitbook-plugin-highlight/-/gitbook-plugin-highlight-2.0.2.tgz#02650720ab594c799b9451785960fe417cad8046"
  dependencies:
    highlight.js "9.2.0"

gitbook-plugin-prism@^1.1.0:
  version "1.1.0"
  resolved "https://registry.yarnpkg.com/gitbook-plugin-prism/-/gitbook-plugin-prism-1.1.0.tgz#89e63155e98b329357ace00dd0b10b4605c60071"
  dependencies:
    prismjs "1.5.1"

gitbook-plugin-tasklist@^0.5.1:
  version "0.5.8"
  resolved "https://registry.yarnpkg.com/gitbook-plugin-tasklist/-/gitbook-plugin-tasklist-0.5.8.tgz#aa1957ddc85b69413781f6e7ee7718f22c9dd985"
  dependencies:
    github-markdown-css "^2.2.1"
    marked "^0.3.6"

gitbook-plugin-toggle-chapters@0.0.3:
  version "0.0.3"
  resolved "https://registry.yarnpkg.com/gitbook-plugin-toggle-chapters/-/gitbook-plugin-toggle-chapters-0.0.3.tgz#6e5f5aa61b9b2e221c380cdf6e928320015ecfb9"

github-markdown-css@^2.2.1:
  version "2.4.1"
  resolved "https://registry.yarnpkg.com/github-markdown-css/-/github-markdown-css-2.4.1.tgz#b4736d84eea8367a03b3248cf546dda3e8dc55e3"

highlight.js@9.2.0:
  version "9.2.0"
  resolved "https://registry.yarnpkg.com/highlight.js/-/highlight.js-9.2.0.tgz#0d4ef61279c4067da55edf8976f1b9f28f69f202"

marked@^0.3.6:
  version "0.3.6"
  resolved "https://registry.yarnpkg.com/marked/-/marked-0.3.6.tgz#b2c6c618fccece4ef86c4fc6cb8a7cbf5aeda8d7"

prismjs@1.5.1:
  version "1.5.1"
  resolved "https://registry.yarnpkg.com/prismjs/-/prismjs-1.5.1.tgz#224990100ff6c2a7588d086be1a5ac62e83690f7"

